
Microsoft Visual Studio Solution File, Format Version 12.00
# Visual Studio Version 17
VisualStudioVersion = 17.14.36511.14
MinimumVisualStudioVersion = 10.0.40219.1
Project("{FAE04EC0-301F-11D3-BF4B-00C04F79EFBC}") = "MNet", "MNet\MNet.csproj", "{ABAFD8E4-5E02-4904-A37B-9BD4EDD1EC3B}"
EndProject
Project("{2150E333-8FDC-42A3-9474-1A3956D46DE8}") = "Tests", "Tests", "{02EA681E-C7D8-13C7-8484-4AC65E1B71E8}"
EndProject
Project("{FAE04EC0-301F-11D3-BF4B-00C04F79EFBC}") = "MNetTestConsole", "MNetTestConsole\MNetTestConsole.csproj", "{A1113A7D-595C-4490-B853-817928F2278F}"
EndProject
Global
	GlobalSection(SolutionConfigurationPlatforms) = preSolution
		Debug|Any CPU = Debug|Any CPU
		Release|Any CPU = Release|Any CPU
	EndGlobalSection
	GlobalSection(ProjectConfigurationPlatforms) = postSolution
		{ABAFD8E4-5E02-4904-A37B-9BD4EDD1EC3B}.Debug|Any CPU.ActiveCfg = Debug|Any CPU
		{ABAFD8E4-5E02-4904-A37B-9BD4EDD1EC3B}.Debug|Any CPU.Build.0 = Debug|Any CPU
		{ABAFD8E4-5E02-4904-A37B-9BD4EDD1EC3B}.Release|Any CPU.ActiveCfg = Release|Any CPU
		{ABAFD8E4-5E02-4904-A37B-9BD4EDD1EC3B}.Release|Any CPU.Build.0 = Release|Any CPU
		{A1113A7D-595C-4490-B853-817928F2278F}.Debug|Any CPU.ActiveCfg = Debug|Any CPU
		{A1113A7D-595C-4490-B853-817928F2278F}.Debug|Any CPU.Build.0 = Debug|Any CPU
		{A1113A7D-595C-4490-B853-817928F2278F}.Release|Any CPU.ActiveCfg = Release|Any CPU
		{A1113A7D-595C-4490-B853-817928F2278F}.Release|Any CPU.Build.0 = Release|Any CPU
	EndGlobalSection
	GlobalSection(SolutionProperties) = preSolution
		HideSolutionNode = FALSE
	EndGlobalSection
	GlobalSection(NestedProjects) = preSolution
		{A1113A7D-595C-4490-B853-817928F2278F} = {02EA681E-C7D8-13C7-8484-4AC65E1B71E8}
	EndGlobalSection
	GlobalSection(ExtensibilityGlobals) = postSolution
		SolutionGuid = {27359C17-FCB2-4354-83DE-1C418E3B8649}
	EndGlobalSection
EndGlobal
